lockfileVersion: '9.0'

settings:
  autoInstallPeers: true
  excludeLinksFromLockfile: false

importers:

  .:
    dependencies:
      '@hugeicons/core-free-icons':
        specifier: ^3.1.1
        version: 3.1.1
      '@hugeicons/react':
        specifier: ^1.1.4
        version: 1.1.4(react@19.2.4)
      react:
        specifier: ^19.2.0
        version: 19.2.4

packages:

  '@hugeicons/core-free-icons@3.1.1':
    resolution: {integrity: sha512-UpS2lUQFi5sKyJSWwM6rO+BnPLvVz1gsyCpPHeZyVuZqi89YH8ksliza4cwaODqKOZyeXmG8juo1ty4QtQofkg==}

  '@hugeicons/react@1.1.4':
    resolution: {integrity: sha512-gsc3eZyd2fGqRUThW9+lfjxxsOkz6KNVmRXRgJjP32GL0OnnLJnl3hytKt47CBbiQj2xE2kCw+rnP3UQCThcKw==}
    peerDependencies:
      react: '>=16.0.0'

  react@19.2.4:
    resolution: {integrity: sha512-9nfp2hYpCwOjAN+8TZFGhtWEwgvWHXqESH8qT89AT/lWklpLON22Lc8pEtnpsZz7VmawabSU0gCjnj8aC0euHQ==}
    engines: {node: '>=0.10.0'}

snapshots:

  '@hugeicons/core-free-icons@3.1.1': {}

  '@hugeicons/react@1.1.4(react@19.2.4)':
    dependencies:
      react: 19.2.4

  react@19.2.4: {}
